
Microsoft Visual Studio Solution File, Format Version 12.00
# Visual Studio Version 17
VisualStudioVersion = 17.3.32929.385
MinimumVisualStudioVersion = 10.0.40219.1
Project("{9A19103F-16F7-4668-BE54-9A1E7A4F7556}") = "WEB-coursework-Site", "WEB-coursework-Site.csproj", "{2A206E97-F69F-4530-9BBA-6A9F9453A9A3}"
EndProject
Project("{FAE04EC0-301F-11D3-BF4B-00C04F79EFBC}") = "WEB-coursework-Site-Tests", "..\WEB-coursework-Site-Tests\WEB-coursework-Site-Tests.csproj", "{B83AE16B-C3BB-4C9A-9605-169EEE0333BE}"
EndProject
Global
	GlobalSection(SolutionConfigurationPlatforms) = preSolution
		Debug|Any CPU = Debug|Any CPU
		Release|Any CPU = Release|Any CPU
	EndGlobalSection
	GlobalSection(ProjectConfigurationPlatforms) = postSolution
		{2A206E97-F69F-4530-9BBA-6A9F9453A9A3}.Debug|Any CPU.ActiveCfg = Debug|Any CPU
		{2A206E97-F69F-4530-9BBA-6A9F9453A9A3}.Debug|Any CPU.Build.0 = Debug|Any CPU
		{2A206E97-F69F-4530-9BBA-6A9F9453A9A3}.Release|Any CPU.ActiveCfg = Release|Any CPU
		{2A206E97-F69F-4530-9BBA-6A9F9453A9A3}.Release|Any CPU.Build.0 = Release|Any CPU
		{B83AE16B-C3BB-4C9A-9605-169EEE0333BE}.Debug|Any CPU.ActiveCfg = Debug|Any CPU
		{B83AE16B-C3BB-4C9A-9605-169EEE0333BE}.Debug|Any CPU.Build.0 = Debug|Any CPU
		{B83AE16B-C3BB-4C9A-9605-169EEE0333BE}.Release|Any CPU.ActiveCfg = Release|Any CPU
		{B83AE16B-C3BB-4C9A-9605-169EEE0333BE}.Release|Any CPU.Build.0 = Release|Any CPU
	EndGlobalSection
	GlobalSection(SolutionProperties) = preSolution
		HideSolutionNode = FALSE
	EndGlobalSection
	GlobalSection(ExtensibilityGlobals) = postSolution
		SolutionGuid = {2D09B17E-CECD-4A99-9F7E-9E06AC877EA8}
	EndGlobalSection
EndGlobal
